
Microsoft Visual Studio Solution File, Format Version 12.00
# Visual Studio Version 16
VisualStudioVersion = 16.0.30621.155
MinimumVisualStudioVersion = 10.0.40219.1
Project("{FAE04EC0-301F-11D3-BF4B-00C04F79EFBC}") = "Båtuppgiften(WPF)", "Båtuppgiften(WPF)\Båtuppgiften(WPF).csproj", "{4B7D0D96-E4CA-4B42-9B35-B63B16A4BDB7}"
EndProject
Global
	GlobalSection(SolutionConfigurationPlatforms) = preSolution
		Debug|Any CPU = Debug|Any CPU
		Release|Any CPU = Release|Any CPU
	EndGlobalSection
	GlobalSection(ProjectConfigurationPlatforms) = postSolution
		{4B7D0D96-E4CA-4B42-9B35-B63B16A4BDB7}.Debug|Any CPU.ActiveCfg = Debug|Any CPU
		{4B7D0D96-E4CA-4B42-9B35-B63B16A4BDB7}.Debug|Any CPU.Build.0 = Debug|Any CPU
		{4B7D0D96-E4CA-4B42-9B35-B63B16A4BDB7}.Release|Any CPU.ActiveCfg = Release|Any CPU
		{4B7D0D96-E4CA-4B42-9B35-B63B16A4BDB7}.Release|Any CPU.Build.0 = Release|Any CPU
	EndGlobalSection
	GlobalSection(SolutionProperties) = preSolution
		HideSolutionNode = FALSE
	EndGlobalSection
	GlobalSection(ExtensibilityGlobals) = postSolution
		SolutionGuid = {0E647EB3-CE1C-4D80-8596-4DCF9BB481ED}
	EndGlobalSection
EndGlobal
